
Microsoft Visual Studio Solution File, Format Version 12.00
# Visual Studio Version 17
VisualStudioVersion = 17.8.34316.72
MinimumVisualStudioVersion = 10.0.40219.1
Project("{FAE04EC0-301F-11D3-BF4B-00C04F79EFBC}") = "MagicVilla_API", "MagicVilla_API\MagicVilla_API.csproj", "{A5ACAD59-0F9C-4A5F-8622-39AE5514EEB5}"
EndProject
Global
	GlobalSection(SolutionConfigurationPlatforms) = preSolution
		Debug|Any CPU = Debug|Any CPU
		Release|Any CPU = Release|Any CPU
	EndGlobalSection
	GlobalSection(ProjectConfigurationPlatforms) = postSolution
		{A5ACAD59-0F9C-4A5F-8622-39AE5514EEB5}.Debug|Any CPU.ActiveCfg = Debug|Any CPU
		{A5ACAD59-0F9C-4A5F-8622-39AE5514EEB5}.Debug|Any CPU.Build.0 = Debug|Any CPU
		{A5ACAD59-0F9C-4A5F-8622-39AE5514EEB5}.Release|Any CPU.ActiveCfg = Release|Any CPU
		{A5ACAD59-0F9C-4A5F-8622-39AE5514EEB5}.Release|Any CPU.Build.0 = Release|Any CPU
	EndGlobalSection
	GlobalSection(SolutionProperties) = preSolution
		HideSolutionNode = FALSE
	EndGlobalSection
	GlobalSection(ExtensibilityGlobals) = postSolution
		SolutionGuid = {28B0E290-3181-45AA-95BB-E996CDAD5EBB}
	EndGlobalSection
EndGlobal
